
Microsoft Visual Studio Solution File, Format Version 12.00
# Visual Studio Version 17
VisualStudioVersion = 17.3.32922.545
MinimumVisualStudioVersion = 10.0.40219.1
Project("{FAE04EC0-301F-11D3-BF4B-00C04F79EFBC}") = "Bank2", "Bank2\Bank2.csproj", "{A9FF48E4-27F3-45E7-A61E-011597E0FD92}"
EndProject
Global
	GlobalSection(SolutionConfigurationPlatforms) = preSolution
		Debug|Any CPU = Debug|Any CPU
		Release|Any CPU = Release|Any CPU
	EndGlobalSection
	GlobalSection(ProjectConfigurationPlatforms) = postSolution
		{A9FF48E4-27F3-45E7-A61E-011597E0FD92}.Debug|Any CPU.ActiveCfg = Debug|Any CPU
		{A9FF48E4-27F3-45E7-A61E-011597E0FD92}.Debug|Any CPU.Build.0 = Debug|Any CPU
		{A9FF48E4-27F3-45E7-A61E-011597E0FD92}.Release|Any CPU.ActiveCfg = Release|Any CPU
		{A9FF48E4-27F3-45E7-A61E-011597E0FD92}.Release|Any CPU.Build.0 = Release|Any CPU
	EndGlobalSection
	GlobalSection(SolutionProperties) = preSolution
		HideSolutionNode = FALSE
	EndGlobalSection
	GlobalSection(ExtensibilityGlobals) = postSolution
		SolutionGuid = {432F9EFC-912E-449D-867A-CD2520B1B3A8}
	EndGlobalSection
EndGlobal
